// !$*UTF8*$!
{
	archiveVersion = 1;
	classes = {
	};
	objectVersion = 51;
	objects = {

/* Begin PBXBuildFile section */
		217DBDF22626AFF6000218FD /* LINLINfinalApp.swift in Sources */ = {isa = PBXBuildFile; fileRef = 217DBDF12626AFF6000218FD /* LINLINfinalApp.swift */; };
		217DBDF42626AFF6000218FD /* ContentView.swift in Sources */ = {isa = PBXBuildFile; fileRef = 217DBDF32626AFF6000218FD /* ContentView.swift */; };
		217DBDF62626AFF7000218FD /* Assets.xcassets in Resources */ = {isa = PBXBuildFile; fileRef = 217DBDF52626AFF7000218FD /* Assets.xcassets */; };
		217DBDF92626AFF7000218FD /* Preview Assets.xcassets in Resources */ = {isa = PBXBuildFile; fileRef = 217DBDF82626AFF7000218FD /* Preview Assets.xcassets */; };
		217DBE0A2626B0DD000218FD /* GoogleService-Info.plist in Resources */ = {isa = PBXBuildFile; fileRef = 217DBE092626B0DD000218FD /* GoogleService-Info.plist */; };
		217DBE0D2626B123000218FD /* AppDelegate.swift in Sources */ = {isa = PBXBuildFile; fileRef = 217DBE0C2626B123000218FD /* AppDelegate.swift */; };
		61EA9AEB3EEF78E4F66AE14F /* Pods_LINLINfinal.framework in Frameworks */ = {isa = PBXBuildFile; fileRef = 6D90D07CC821BB33CD82B5CE /* Pods_LINLINfinal.framework */; };
/* End PBXBuildFile section */

/* Begin PBXFileReference section */
		217DBDEE2626AFF6000218FD /* LINLINfinal.app */ = {isa = PBXFileReference; explicitFileType = wrapper.application; includeInIndex = 0; path = LINLINfinal.app; sourceTree = BUILT_PRODUCTS_DIR; };
		217DBDF12626AFF6000218FD /* LINLINfinalApp.swift */ = {isa = PBXFileReference; lastKnownFileType = sourcecode.swift; path = LINLINfinalApp.swift; sourceTree = "<group>"; };
		217DBDF32626AFF6000218FD /* ContentView.swift */ = {isa = PBXFileReference; lastKnownFileType = sourcecode.swift; path = ContentView.swift; sourceTree = "<group>"; };
		217DBDF52626AFF7000218FD /* Assets.xcassets */ = {isa = PBXFileReference; lastKnownFileType = folder.assetcatalog; path = Assets.xcassets; sourceTree = "<group>"; };
		217DBDF82626AFF7000218FD /* Preview Assets.xcassets */ = {isa = PBXFileReference; lastKnownFileType = folder.assetcatalog; path = "Preview Assets.xcassets"; sourceTree = "<group>"; };
		217DBDFA2626AFF7000218FD /* Info.plist */ = {isa = PBXFileReference; lastKnownFileType = text.plist.xml; path = Info.plist; sourceTree = "<group>"; };
		217DBE092626B0DD000218FD /* GoogleService-Info.plist */ = {isa = PBXFileReference; fileEncoding = 4; lastKnownFileType = text.plist.xml; path = "GoogleService-Info.plist"; sourceTree = "<group>"; };
		217DBE0C2626B123000218FD /* AppDelegate.swift */ = {isa = PBXFileReference; lastKnownFileType = sourcecode.swift; path = AppDelegate.swift; sourceTree = "<group>"; };
		6D90D07CC821BB33CD82B5CE /* Pods_LINLINfinal.framework */ = {isa = PBXFileReference; explicitFileType = wrapper.framework; includeInIndex = 0; path = Pods_LINLINfinal.framework; sourceTree = BUILT_PRODUCTS_DIR; };
		D07C77D4D3865E3C1C464E07 /* Pods-LINLINfinal.debug.xcconfig */ = {isa = PBXFileReference; includeInIndex = 1; lastKnownFileType = text.xcconfig; name = "Pods-LINLINfinal.debug.xcconfig"; path = "Target Support Files/Pods-LINLINfinal/Pods-LINLINfinal.debug.xcconfig"; sourceTree = "<group>"; };
		F75B72BD546FBC7CC49D6774 /* Pods-LINLINfinal.release.xcconfig */ = {isa = PBXFileReference; includeInIndex = 1; lastKnownFileType = text.xcconfig; name = "Pods-LINLINfinal.release.xcconfig"; path = "Target Support Files/Pods-LINLINfinal/Pods-LINLINfinal.release.xcconfig"; sourceTree = "<group>"; };
/* End PBXFileReference section */

/* Begin PBXFrameworksBuildPhase section */
		217DBDEB2626AFF6000218FD /* Frameworks */ = {
			isa = PBXFrameworksBuildPhase;
			buildActionMask = 2147483647;
			files = (
				61EA9AEB3EEF78E4F66AE14F /* Pods_LINLINfinal.framework in Frameworks */,
			);
			runOnlyForDeploymentPostprocessing = 0;
		};
/* End PBXFrameworksBuildPhase section */

/* Begin PBXGroup section */
		217DBDE52626AFF6000218FD = {
			isa = PBXGroup;
			children = (
				217DBDF02626AFF6000218FD /* LINLINfinal */,
				217DBDEF2626AFF6000218FD /* Products */,
				6CCA630CB5D656D897FD001F /* Pods */,
				E3550F0856778473D2561EA7 /* Frameworks */,
			);
			sourceTree = "<group>";
		};
		217DBDEF2626AFF6000218FD /* Products */ = {
			isa = PBXGroup;
			children = (
				217DBDEE2626AFF6000218FD /* LINLINfinal.app */,
			);
			name = Products;
			sourceTree = "<group>";
		};
		217DBDF02626AFF6000218FD /* LINLINfinal */ = {
			isa = PBXGroup;
			children = (
				217DBDF12626AFF6000218FD /* LINLINfinalApp.swift */,
				217DBE0C2626B123000218FD /* AppDelegate.swift */,
				217DBE092626B0DD000218FD /* GoogleService-Info.plist */,
				217DBDF32626AFF6000218FD /* ContentView.swift */,
				217DBDF52626AFF7000218FD /* Assets.xcassets */,
				217DBDFA2626AFF7000218FD /* Info.plist */,
				217DBDF72626AFF7000218FD /* Preview Content */,
			);
			path = LINLINfinal;
			sourceTree = "<group>";
		};
		217DBDF72626AFF7000218FD /* Preview Content */ = {
			isa = PBXGroup;
			children = (
				217DBDF82626AFF7000218FD /* Preview Assets.xcassets */,
			);
			path = "Preview Content";
			sourceTree = "<group>";
		};
		6CCA630CB5D656D897FD001F /* Pods */ = {
			isa = PBXGroup;
			children = (
				D07C77D4D3865E3C1C464E07 /* Pods-LINLINfinal.debug.xcconfig */,
				F75B72BD546FBC7CC49D6774 /* Pods-LINLINfinal.release.xcconfig */,
			);
			path = Pods;
			sourceTree = "<group>";
		};
		E3550F0856778473D2561EA7 /* Frameworks */ = {
			isa = PBXGroup;
			children = (
				6D90D07CC821BB33CD82B5CE /* Pods_LINLINfinal.framework */,
			);
			name = Frameworks;
			sourceTree = "<group>";
		};
/* End PBXGroup section */

/* Begin PBXNativeTarget section */
		217DBDED2626AFF6000218FD /* LINLINfinal */ = {
			isa = PBXNativeTarget;
			buildConfigurationList = 217DBDFD2626AFF7000218FD /* Build configuration list for PBXNativeTarget "LINLINfinal" */;
			buildPhases = (
				8207F6CD7B7538885AA57D8A /* [CP] Check Pods Manifest.lock */,
				217DBDEA2626AFF6000218FD /* Sources */,
				217DBDEB2626AFF6000218FD /* Frameworks */,
				217DBDEC2626AFF6000218FD /* Resources */,
				400B52FC001EE3B4B87879C1 /* [CP] Embed Pods Frameworks */,
			);
			buildRules = (
			);
			dependencies = (
			);
			name = LINLINfinal;
			productName = LINLINfinal;
			productReference = 217DBDEE2626AFF6000218FD /* LINLINfinal.app */;
			productType = "com.apple.product-type.application";
		};
/* End PBXNativeTarget section */

/* Begin PBXProject section */
		217DBDE62626AFF6000218FD /* Project object */ = {
			isa = PBXProject;
			attributes = {
				LastSwiftUpdateCheck = 1240;
				LastUpgradeCheck = 1240;
				TargetAttributes = {
					217DBDED2626AFF6000218FD = {
						CreatedOnToolsVersion = 12.4;
					};
				};
			};
			buildConfigurationList = 217DBDE92626AFF6000218FD /* Build configuration list for PBXProject "LINLINfinal" */;
			compatibilityVersion = "Xcode 9.3";
			developmentRegion = en;
			hasScannedForEncodings = 0;
			knownRegions = (
				en,
				Base,
			);
			mainGroup = 217DBDE52626AFF6000218FD;
			productRefGroup = 217DBDEF2626AFF6000218FD /* Products */;
			projectDirPath = "";
			projectRoot = "";
			targets = (
				217DBDED2626AFF6000218FD /* LINLINfinal */,
			);
		};
/* End PBXProject section */

/* Begin PBXResourcesBuildPhase section */
		217DBDEC2626AFF6000218FD /* Resources */ = {
			isa = PBXResourcesBuildPhase;
			buildActionMask = 2147483647;
			files = (
				217DBDF92626AFF7000218FD /* Preview Assets.xcassets in Resources */,
				217DBE0A2626B0DD000218FD /* GoogleService-Info.plist in Resources */,
				217DBDF62626AFF7000218FD /* Assets.xcassets in Resources */,
			);
			runOnlyForDeploymentPostprocessing = 0;
		};
/* End PBXResourcesBuildPhase section */

/* Begin PBXShellScriptBuildPhase section */
		400B52FC001EE3B4B87879C1 /* [CP] Embed Pods Frameworks */ = {
			isa = PBXShellScriptBuildPhase;
			buildActionMask = 2147483647;
			files = (
			);
			inputFileListPaths = (
				"${PODS_ROOT}/Target Support Files/Pods-LINLINfinal/Pods-LINLINfinal-frameworks-${CONFIGURATION}-input-files.xcfilelist",
			);
			name = "[CP] Embed Pods Frameworks";
			outputFileListPaths = (
				"${PODS_ROOT}/Target Support Files/Pods-LINLINfinal/Pods-LINLINfinal-frameworks-${CONFIGURATION}-output-files.xcfilelist",
			);
			runOnlyForDeploymentPostprocessing = 0;
			shellPath = /bin/sh;
			shellScript = "\"${PODS_ROOT}/Target Support Files/Pods-LINLINfinal/Pods-LINLINfinal-frameworks.sh\"\n";
			showEnvVarsInLog = 0;
		};
		8207F6CD7B7538885AA57D8A /* [CP] Check Pods Manifest.lock */ = {
			isa = PBXShellScriptBuildPhase;
			buildActionMask = 2147483647;
			files = (
			);
			inputFileListPaths = (
			);
			inputPaths = (
				"${PODS_PODFILE_DIR_PATH}/Podfile.lock",
				"${PODS_ROOT}/Manifest.lock",
			);
			name = "[CP] Check Pods Manifest.lock";
			outputFileListPaths = (
			);
			outputPaths = (
				"$(DERIVED_FILE_DIR)/Pods-LINLINfinal-checkManifestLockResult.txt",
			);
			runOnlyForDeploymentPostprocessing = 0;
			shellPath = /bin/sh;
			shellScript = "diff \"${PODS_PODFILE_DIR_PATH}/Podfile.lock\" \"${PODS_ROOT}/Manifest.lock\" > /dev/null\nif [ $? != 0 ] ; then\n    # print error to STDERR\n    echo \"error: The sandbox is not in sync with the Podfile.lock. Run 'pod install' or update your CocoaPods installation.\" >&2\n    exit 1\nfi\n# This output is used by Xcode 'outputs' to avoid re-running this script phase.\necho \"SUCCESS\" > \"${SCRIPT_OUTPUT_FILE_0}\"\n";
			showEnvVarsInLog = 0;
		};
/* End PBXShellScriptBuildPhase section */

/* Begin PBXSourcesBuildPhase section */
		217DBDEA2626AFF6000218FD /* Sources */ = {
			isa = PBXSourcesBuildPhase;
			buildActionMask = 2147483647;
			files = (
				217DBE0D2626B123000218FD /* AppDelegate.swift in Sources */,
				217DBDF42626AFF6000218FD /* ContentView.swift in Sources */,
				217DBDF22626AFF6000218FD /* LINLINfinalApp.swift in Sources */,
			);
			runOnlyForDeploymentPostprocessing = 0;
		};
/* End PBXSourcesBuildPhase section */

/* Begin XCBuildConfiguration section */
		217DBDFB2626AFF7000218FD /* Debug */ = {
			isa = XCBuildConfiguration;
			buildSettings = {
				ALWAYS_SEARCH_USER_PATHS = NO;
				CLANG_ANALYZER_NONNULL = YES;
				CLANG_ANALYZER_NUMBER_OBJECT_CONVERSION = YES_AGGRESSIVE;
				CLANG_CXX_LANGUAGE_STANDARD = "gnu++14";
				CLANG_CXX_LIBRARY = "libc++";
				CLANG_ENABLE_MODULES = YES;
				CLANG_ENABLE_OBJC_ARC = YES;
				CLANG_ENABLE_OBJC_WEAK = YES;
				CLANG_WARN_BLOCK_CAPTURE_AUTORELEASING = YES;
				CLANG_WARN_BOOL_CONVERSION = YES;
				CLANG_WARN_COMMA = YES;
				CLANG_WARN_CONSTANT_CONVERSION = YES;
				CLANG_WARN_DEPRECATED_OBJC_IMPLEMENTATIONS = YES;
				CLANG_WARN_DIRECT_OBJC_ISA_USAGE = YES_ERROR;
				CLANG_WARN_DOCUMENTATION_COMMENTS = YES;
				CLANG_WARN_EMPTY_BODY = YES;
				CLANG_WARN_ENUM_CONVERSION = YES;
				CLANG_WARN_INFINITE_RECURSION = YES;
				CLANG_WARN_INT_CONVERSION = YES;
				CLANG_WARN_NON_LITERAL_NULL_CONVERSION = YES;
				CLANG_WARN_OBJC_IMPLICIT_RETAIN_SELF = YES;
				CLANG_WARN_OBJC_LITERAL_CONVERSION = YES;
				CLANG_WARN_OBJC_ROOT_CLASS = YES_ERROR;
				CLANG_WARN_QUOTED_INCLUDE_IN_FRAMEWORK_HEADER = YES;
				CLANG_WARN_RANGE_LOOP_ANALYSIS = YES;
				CLANG_WARN_STRICT_PROTOTYPES = YES;
				CLANG_WARN_SUSPICIOUS_MOVE = YES;
				CLANG_WARN_UNGUARDED_AVAILABILITY = YES_AGGRESSIVE;
				CLANG_WARN_UNREACHABLE_CODE = YES;
				CLANG_WARN__DUPLICATE_METHOD_MATCH = YES;
				COPY_PHASE_STRIP = NO;
				DEBUG_INFORMATION_FORMAT = dwarf;
				ENABLE_STRICT_OBJC_MSGSEND = YES;
				ENABLE_TESTABILITY = YES;
				GCC_C_LANGUAGE_STANDARD = gnu11;
				GCC_DYNAMIC_NO_PIC = NO;
				GCC_NO_COMMON_BLOCKS = YES;
				GCC_OPTIMIZATION_LEVEL = 0;
				GCC_PREPROCESSOR_DEFINITIONS = (
					"DEBUG=1",
					"$(inherited)",
				);
				GCC_WARN_64_TO_32_BIT_CONVERSION = YES;
				GCC_WARN_ABOUT_RETURN_TYPE = YES_ERROR;
				GCC_WARN_UNDECLARED_SELECTOR = YES;
				GCC_WARN_UNINITIALIZED_AUTOS = YES_AGGRESSIVE;
				GCC_WARN_UNUSED_FUNCTION = YES;
				GCC_WARN_UNUSED_VARIABLE = YES;
				IPHONEOS_DEPLOYMENT_TARGET = 14.4;
				MTL_ENABLE_DEBUG_INFO = INCLUDE_SOURCE;
				MTL_FAST_MATH = YES;
				ONLY_ACTIVE_ARCH = YES;
				SDKROOT = iphoneos;
				SWIFT_ACTIVE_COMPILATION_CONDITIONS = DEBUG;
				SWIFT_OPTIMIZATION_LEVEL = "-Onone";
			};
			name = Debug;
		};
		217DBDFC2626AFF7000218FD /* Release */ = {
			isa = XCBuildConfiguration;
			buildSettings = {
				ALWAYS_SEARCH_USER_PATHS = NO;
				CLANG_ANALYZER_NONNULL = YES;
				CLANG_ANALYZER_NUMBER_OBJECT_CONVERSION = YES_AGGRESSIVE;
				CLANG_CXX_LANGUAGE_STANDARD = "gnu++14";
				CLANG_CXX_LIBRARY = "libc++";
				CLANG_ENABLE_MODULES = YES;
				CLANG_ENABLE_OBJC_ARC = YES;
				CLANG_ENABLE_OBJC_WEAK = YES;
				CLANG_WARN_BLOCK_CAPTURE_AUTORELEASING = YES;
				CLANG_WARN_BOOL_CONVERSION = YES;
				CLANG_WARN_COMMA = YES;
				CLANG_WARN_CONSTANT_CONVERSION = YES;
				CLANG_WARN_DEPRECATED_OBJC_IMPLEMENTATIONS = YES;
				CLANG_WARN_DIRECT_OBJC_ISA_USAGE = YES_ERROR;
				CLANG_WARN_DOCUMENTATION_COMMENTS = YES;
				CLANG_WARN_EMPTY_BODY = YES;
				CLANG_WARN_ENUM_CONVERSION = YES;
				CLANG_WARN_INFINITE_RECURSION = YES;
				CLANG_WARN_INT_CONVERSION = YES;
				CLANG_WARN_NON_LITERAL_NULL_CONVERSION = YES;
				CLANG_WARN_OBJC_IMPLICIT_RETAIN_SELF = YES;
				CLANG_WARN_OBJC_LITERAL_CONVERSION = YES;
				CLANG_WARN_OBJC_ROOT_CLASS = YES_ERROR;
				CLANG_WARN_QUOTED_INCLUDE_IN_FRAMEWORK_HEADER = YES;
				CLANG_WARN_RANGE_LOOP_ANALYSIS = YES;
				CLANG_WARN_STRICT_PROTOTYPES = YES;
				CLANG_WARN_SUSPICIOUS_MOVE = YES;
				CLANG_WARN_UNGUARDED_AVAILABILITY = YES_AGGRESSIVE;
				CLANG_WARN_UNREACHABLE_CODE = YES;
				CLANG_WARN__DUPLICATE_METHOD_MATCH = YES;
				COPY_PHASE_STRIP = NO;
				DEBUG_INFORMATION_FORMAT = "dwarf-with-dsym";
				ENABLE_NS_ASSERTIONS = NO;
				ENABLE_STRICT_OBJC_MSGSEND = YES;
				GCC_C_LANGUAGE_STANDARD = gnu11;
				GCC_NO_COMMON_BLOCKS = YES;
				GCC_WARN_64_TO_32_BIT_CONVERSION = YES;
				GCC_WARN_ABOUT_RETURN_TYPE = YES_ERROR;
				GCC_WARN_UNDECLARED_SELECTOR = YES;
				GCC_WARN_UNINITIALIZED_AUTOS = YES_AGGRESSIVE;
				GCC_WARN_UNUSED_FUNCTION = YES;
				GCC_WARN_UNUSED_VARIABLE = YES;
				IPHONEOS_DEPLOYMENT_TARGET = 14.4;
				MTL_ENABLE_DEBUG_INFO = NO;
				MTL_FAST_MATH = YES;
				SDKROOT = iphoneos;
				SWIFT_COMPILATION_MODE = wholemodule;
				SWIFT_OPTIMIZATION_LEVEL = "-O";
				VALIDATE_PRODUCT = YES;
			};
			name = Release;
		};
		217DBDFE2626AFF7000218FD /* Debug */ = {
			isa = XCBuildConfiguration;
			baseConfigurationReference = D07C77D4D3865E3C1C464E07 /* Pods-LINLINfinal.debug.xcconfig */;
			buildSettings = {
				ASSETCATALOG_COMPILER_APPICON_NAME = AppIcon;
				ASSETCATALOG_COMPILER_GLOBAL_ACCENT_COLOR_NAME = AccentColor;
				CODE_SIGN_STYLE = Automatic;
				DEVELOPMENT_ASSET_PATHS = "\"LINLINfinal/Preview Content\"";
				ENABLE_PREVIEWS = YES;
				INFOPLIST_FILE = LINLINfinal/Info.plist;
				IPHONEOS_DEPLOYMENT_TARGET = 14.0;
				LD_RUNPATH_SEARCH_PATHS = (
					"$(inherited)",
					"@executable_path/Frameworks",
				);
				PRODUCT_BUNDLE_IDENTIFIER = com.lin.LINLINfinal;
				PRODUCT_NAME = "$(TARGET_NAME)";
				SWIFT_VERSION = 5.0;
				TARGETED_DEVICE_FAMILY = "1,2";
			};
			name = Debug;
		};
		217DBDFF2626AFF7000218FD /* Release */ = {
			isa = XCBuildConfiguration;
			baseConfigurationReference = F75B72BD546FBC7CC49D6774 /* Pods-LINLINfinal.release.xcconfig */;
			buildSettings = {
				ASSETCATALOG_COMPILER_APPICON_NAME = AppIcon;
				ASSETCATALOG_COMPILER_GLOBAL_ACCENT_COLOR_NAME = AccentColor;
				CODE_SIGN_STYLE = Automatic;
				DEVELOPMENT_ASSET_PATHS = "\"LINLINfinal/Preview Content\"";
				ENABLE_PREVIEWS = YES;
				INFOPLIST_FILE = LINLINfinal/Info.plist;
				IPHONEOS_DEPLOYMENT_TARGET = 14.0;
				LD_RUNPATH_SEARCH_PATHS = (
					"$(inherited)",
					"@executable_path/Frameworks",
				);
				PRODUCT_BUNDLE_IDENTIFIER = com.lin.LINLINfinal;
				PRODUCT_NAME = "$(TARGET_NAME)";
				SWIFT_VERSION = 5.0;
				TARGETED_DEVICE_FAMILY = "1,2";
			};
			name = Release;
		};
/* End XCBuildConfiguration section */

/* Begin XCConfigurationList section */
		217DBDE92626AFF6000218FD /* Build configuration list for PBXProject "LINLINfinal" */ = {
			isa = XCConfigurationList;
			buildConfigurations = (
				217DBDFB2626AFF7000218FD /* Debug */,
				217DBDFC2626AFF7000218FD /* Release */,
			);
			defaultConfigurationIsVisible = 0;
			defaultConfigurationName = Release;
		};
		217DBDFD2626AFF7000218FD /* Build configuration list for PBXNativeTarget "LINLINfinal" */ = {
			isa = XCConfigurationList;
			buildConfigurations = (
				217DBDFE2626AFF7000218FD /* Debug */,
				217DBDFF2626AFF7000218FD /* Release */,
			);
			defaultConfigurationIsVisible = 0;
			defaultConfigurationName = Release;
		};
/* End XCConfigurationList section */
	};
	rootObject = 217DBDE62626AFF6000218FD /* Project object */;
}
